
Microsoft Visual Studio Solution File, Format Version 12.00
# Visual Studio Version 16
VisualStudioVersion = 25.0.1704.4
MinimumVisualStudioVersion = 10.0.40219.1
Project("{FAE04EC0-301F-11D3-BF4B-00C04F79EFBC}") = "PisanieFunkcji", "PisanieFunkcji\PisanieFunkcji.csproj", "{07A8B519-B254-45FF-A65C-AE8FED97C490}"
EndProject
Project("{FAE04EC0-301F-11D3-BF4B-00C04F79EFBC}") = "Debugowanie", "Debugowanie\Debugowanie.csproj", "{48F4977E-B3B2-414E-82EE-2D79470A5ED1}"
EndProject
Project("{FAE04EC0-301F-11D3-BF4B-00C04F79EFBC}") = "Protokoly", "Protokoly\Protokoly.csproj", "{CCDC1B02-1120-40C7-9E46-25AC2F805D61}"
EndProject
Project("{FAE04EC0-301F-11D3-BF4B-00C04F79EFBC}") = "BibliotekaKalkulatorTesty", "BibliotekaKalkulatorTesty\BibliotekaKalkulatorTesty.csproj", "{3BF1C165-07D9-44AD-A85A-C8F9C975E965}"
EndProject
Project("{FAE04EC0-301F-11D3-BF4B-00C04F79EFBC}") = "KalkulatorBiblioteka", "KalkulatorBiblioteka\KalkulatorBiblioteka.csproj", "{829E5620-C3D4-41D5-9ACC-A3101168BEE6}"
EndProject
Global
	GlobalSection(SolutionConfigurationPlatforms) = preSolution
		Debug|Any CPU = Debug|Any CPU
		Release|Any CPU = Release|Any CPU
	EndGlobalSection
	GlobalSection(ProjectConfigurationPlatforms) = postSolution
		{07A8B519-B254-45FF-A65C-AE8FED97C490}.Debug|Any CPU.ActiveCfg = Debug|Any CPU
		{07A8B519-B254-45FF-A65C-AE8FED97C490}.Debug|Any CPU.Build.0 = Debug|Any CPU
		{07A8B519-B254-45FF-A65C-AE8FED97C490}.Release|Any CPU.ActiveCfg = Release|Any CPU
		{07A8B519-B254-45FF-A65C-AE8FED97C490}.Release|Any CPU.Build.0 = Release|Any CPU
		{48F4977E-B3B2-414E-82EE-2D79470A5ED1}.Debug|Any CPU.ActiveCfg = Debug|Any CPU
		{48F4977E-B3B2-414E-82EE-2D79470A5ED1}.Debug|Any CPU.Build.0 = Debug|Any CPU
		{48F4977E-B3B2-414E-82EE-2D79470A5ED1}.Release|Any CPU.ActiveCfg = Release|Any CPU
		{48F4977E-B3B2-414E-82EE-2D79470A5ED1}.Release|Any CPU.Build.0 = Release|Any CPU
		{CCDC1B02-1120-40C7-9E46-25AC2F805D61}.Debug|Any CPU.ActiveCfg = Debug|Any CPU
		{CCDC1B02-1120-40C7-9E46-25AC2F805D61}.Debug|Any CPU.Build.0 = Debug|Any CPU
		{CCDC1B02-1120-40C7-9E46-25AC2F805D61}.Release|Any CPU.ActiveCfg = Release|Any CPU
		{CCDC1B02-1120-40C7-9E46-25AC2F805D61}.Release|Any CPU.Build.0 = Release|Any CPU
		{3BF1C165-07D9-44AD-A85A-C8F9C975E965}.Debug|Any CPU.ActiveCfg = Debug|Any CPU
		{3BF1C165-07D9-44AD-A85A-C8F9C975E965}.Debug|Any CPU.Build.0 = Debug|Any CPU
		{3BF1C165-07D9-44AD-A85A-C8F9C975E965}.Release|Any CPU.ActiveCfg = Release|Any CPU
		{3BF1C165-07D9-44AD-A85A-C8F9C975E965}.Release|Any CPU.Build.0 = Release|Any CPU
		{829E5620-C3D4-41D5-9ACC-A3101168BEE6}.Debug|Any CPU.ActiveCfg = Debug|Any CPU
		{829E5620-C3D4-41D5-9ACC-A3101168BEE6}.Debug|Any CPU.Build.0 = Debug|Any CPU
		{829E5620-C3D4-41D5-9ACC-A3101168BEE6}.Release|Any CPU.ActiveCfg = Release|Any CPU
		{829E5620-C3D4-41D5-9ACC-A3101168BEE6}.Release|Any CPU.Build.0 = Release|Any CPU
	EndGlobalSection
	GlobalSection(SolutionProperties) = preSolution
		HideSolutionNode = FALSE
	EndGlobalSection
	GlobalSection(ExtensibilityGlobals) = postSolution
		SolutionGuid = {320A8915-1A51-47F5-9ECD-7FDD576AE6B6}
	EndGlobalSection
EndGlobal
